
Microsoft Visual Studio Solution File, Format Version 12.00
Project("{2150E333-8FDC-42A3-9474-1A3956D46DE8}") = "Chapter_2", "Chapter_2", "{8C3293AB-BEEE-4155-B5F9-1D0E1DD116D5}"
EndProject
Project("{2150E333-8FDC-42A3-9474-1A3956D46DE8}") = "SolutionFolder1", "SolutionFolder1", "{EA436FB7-2290-4F36-8837-0EC556143272}"
EndProject
Project("{2150E333-8FDC-42A3-9474-1A3956D46DE8}") = "SolutionFolder1", "SolutionFolder1", "{C613FEC9-9361-4A19-ABC5-15EC9882692C}"
EndProject
Project("{2150E333-8FDC-42A3-9474-1A3956D46DE8}") = "Chapter", "Chapter", "{F54EB9C0-14CF-4164-ABF6-9526078FBACB}"
EndProject
Project("{2150E333-8FDC-42A3-9474-1A3956D46DE8}") = "Chapter_1", "Chapter_1", "{EF9F458D-3FA0-488C-9B31-876622482E53}"
EndProject
Project("{FAE04EC0-301F-11D3-BF4B-00C04F79EFBC}") = "ThemeExample1", "Chapter1
\ThemeExample1\ThemeExample1.csproj", "{A72069FA-9C11-4A0A-94C5-F4C5C078D65C}"
EndProject
Project("{FAE04EC0-301F-11D3-BF4B-00C04F79EFBC}") = "Theme1Exmaple1", "Chapter2\Theme1Exmaple1\Theme1Exmaple1.csproj", "{2E5BC84C-E22F-427B-B0B1-9ABF903F0758}"
EndProject
Project("{FAE04EC0-301F-11D3-BF4B-00C04F79EFBC}") = "Theme2Example1", "Chapter2\Theme2Example1\Theme2Example1.csproj", "{0601808B-8370-4236-80C8-28B8211040AB}"
EndProject
Project("{FAE04EC0-301F-11D3-BF4B-00C04F79EFBC}") = "Theme3Example1", "Chapter2\Theme3Example1\Theme3Example1.csproj", "{983C6DF4-5629-4A17-8A09-56C00F6B003F}"
EndProject
Project("{FAE04EC0-301F-11D3-BF4B-00C04F79EFBC}") = "Theme3Example2", "Chapter2\Theme3Example2\Theme3Example2.csproj", "{6E21359D-CB38-48BF-A94F-2DC41356A764}"
EndProject
Project("{FAE04EC0-301F-11D3-BF4B-00C04F79EFBC}") = "Theme3Example3", "Chapter2\Theme3Example3\Theme3Example3.csproj", "{5A43ABE7-733B-47FC-BFF8-3ED894E93DF7}"
EndProject
Project("{FAE04EC0-301F-11D3-BF4B-00C04F79EFBC}") = "Theme3Example4", "Chapter2\Theme3Example4\Theme3Example4.csproj", "{2DF67D4E-4662-402E-BE4D-78EBB9BC59A9}"
EndProject
Project("{FAE04EC0-301F-11D3-BF4B-00C04F79EFBC}") = "Theme4Example1", "Chapter2\Theme4Example1\Theme4Example1.csproj", "{509DEB0E-995E-4295-B6BB-8C48EFB1987E}"
EndProject
Project("{FAE04EC0-301F-11D3-BF4B-00C04F79EFBC}") = "Theme4Example2", "Chapter2\Theme4Example2\Theme4Example2.csproj", "{0D262484-9A3F-4E29-ACCD-8238CEB59FEC}"
EndProject
Project("{FAE04EC0-301F-11D3-BF4B-00C04F79EFBC}") = "Theme5Example1", "Chapter2\Theme5Example1\Theme5Example1.csproj", "{440FA8F9-5D09-428F-985D-F2CC8463BFE2}"
EndProject
Project("{FAE04EC0-301F-11D3-BF4B-00C04F79EFBC}") = "Theme5Example2", "Chapter2\Theme5Example2\Theme5Example2.csproj", "{DCC79AEA-509F-41BA-9467-F21A6DE05B21}"
EndProject
Project("{FAE04EC0-301F-11D3-BF4B-00C04F79EFBC}") = "Theme5Example3", "Chapter2\Theme5Example3\Theme5Example3.csproj", "{137C9EA1-12E7-48BB-AA55-04D8BC5E712E}"
EndProject
Project("{FAE04EC0-301F-11D3-BF4B-00C04F79EFBC}") = "Theme5Example4", "Chapter2\Theme5Example4\Theme5Example4.csproj", "{94F1492C-A7EA-41BB-868C-BAA34A63BB72}"
EndProject
Project("{FAE04EC0-301F-11D3-BF4B-00C04F79EFBC}") = "Theme5Example5", "Chapter2\Theme5Example5\Theme5Example5.csproj", "{2EC9FEE8-A0C2-4A3B-80C5-5F806FC70B2C}"
EndProject
Project("{FAE04EC0-301F-11D3-BF4B-00C04F79EFBC}") = "Theme5Example6", "Chapter2\Theme5Example6\Theme5Example6.csproj", "{D42E45ED-7C8C-4B23-8E5C-ECD5C43E0D4B}"
EndProject
Project("{FAE04EC0-301F-11D3-BF4B-00C04F79EFBC}") = "Theme6Example1", "Chapter2\Theme6Example1\Theme6Example1.csproj", "{A381C03C-4991-4666-AED5-26435DB3F97B}"
EndProject
Project("{FAE04EC0-301F-11D3-BF4B-00C04F79EFBC}") = "Theme6Example2", "Chapter2\Theme6Example2\Theme6Example2.csproj", "{CA087100-853C-45DE-B9D1-D1E7C056D0B3}"
EndProject
Project("{FAE04EC0-301F-11D3-BF4B-00C04F79EFBC}") = "Theme7Example1", "Chapter2\Theme7Example1\Theme7Example1.csproj", "{116A041F-322A-4B76-AE9E-E1110606F266}"
EndProject
Project("{FAE04EC0-301F-11D3-BF4B-00C04F79EFBC}") = "Theme8Example1", "Chapter2\Theme8Example1\Theme8Example1.csproj", "{0743427C-946F-48A0-8A0D-57DBC91FEE6F}"
EndProject
Project("{FAE04EC0-301F-11D3-BF4B-00C04F79EFBC}") = "Theme9Example1", "Chapter2\Theme9Example1\Theme9Example1.csproj", "{224DC9D9-CDE1-4179-A084-43966F618FFA}"
EndProject
Project("{FAE04EC0-301F-11D3-BF4B-00C04F79EFBC}") = "Theme10Example1", "Chapter2\Theme10Example1\Theme10Example1.csproj", "{B8625EF4-9611-4EE2-95AC-92387FD02EB9}"
EndProject
Project("{FAE04EC0-301F-11D3-BF4B-00C04F79EFBC}") = "Theme11Example1", "Chapter2\Theme11Example1\Theme11Example1.csproj", "{A13844CB-3646-4F24-8547-80357D6E7925}"
EndProject
Project("{FAE04EC0-301F-11D3-BF4B-00C04F79EFBC}") = "Theme12Example1", "Chapter2\Theme12Example1\Theme12Example1.csproj", "{62342E0D-9763-498D-863E-7AF002735FF0}"
EndProject
Project("{FAE04EC0-301F-11D3-BF4B-00C04F79EFBC}") = "Theme13Example1", "Chapter2\Theme13Example1\Theme13Example1.csproj", "{1277C177-14CF-4497-91B4-BD0F59A0A901}"
EndProject
Project("{FAE04EC0-301F-11D3-BF4B-00C04F79EFBC}") = "Theme1Example1", "Chapter3\Theme1Example1\Theme1Example1.csproj", "{0FEF48D3-C5D4-4CB1-ADEA-DDFED1575B7E}"
EndProject
Project("{FAE04EC0-301F-11D3-BF4B-00C04F79EFBC}") = "Theme1Example1", "Chapter4\Theme1Example1\Theme1Example1.csproj", "{B39AAEE4-678A-486F-AA83-957AB410419E}"
EndProject
Global
	GlobalSection(SolutionConfigurationPlatforms) = preSolution
		Debug|Any CPU = Debug|Any CPU
		Release|Any CPU = Release|Any CPU
	EndGlobalSection
	GlobalSection(ProjectConfigurationPlatforms) = postSolution
		{A72069FA-9C11-4A0A-94C5-F4C5C078D65C}.Debug|Any CPU.ActiveCfg = Debug|Any CPU
		{A72069FA-9C11-4A0A-94C5-F4C5C078D65C}.Debug|Any CPU.Build.0 = Debug|Any CPU
		{A72069FA-9C11-4A0A-94C5-F4C5C078D65C}.Release|Any CPU.ActiveCfg = Release|Any CPU
		{A72069FA-9C11-4A0A-94C5-F4C5C078D65C}.Release|Any CPU.Build.0 = Release|Any CPU
		{2E5BC84C-E22F-427B-B0B1-9ABF903F0758}.Debug|Any CPU.ActiveCfg = Debug|Any CPU
		{2E5BC84C-E22F-427B-B0B1-9ABF903F0758}.Debug|Any CPU.Build.0 = Debug|Any CPU
		{2E5BC84C-E22F-427B-B0B1-9ABF903F0758}.Release|Any CPU.ActiveCfg = Release|Any CPU
		{2E5BC84C-E22F-427B-B0B1-9ABF903F0758}.Release|Any CPU.Build.0 = Release|Any CPU
		{0601808B-8370-4236-80C8-28B8211040AB}.Debug|Any CPU.ActiveCfg = Debug|Any CPU
		{0601808B-8370-4236-80C8-28B8211040AB}.Debug|Any CPU.Build.0 = Debug|Any CPU
		{0601808B-8370-4236-80C8-28B8211040AB}.Release|Any CPU.ActiveCfg = Release|Any CPU
		{0601808B-8370-4236-80C8-28B8211040AB}.Release|Any CPU.Build.0 = Release|Any CPU
		{983C6DF4-5629-4A17-8A09-56C00F6B003F}.Debug|Any CPU.ActiveCfg = Debug|Any CPU
		{983C6DF4-5629-4A17-8A09-56C00F6B003F}.Debug|Any CPU.Build.0 = Debug|Any CPU
		{983C6DF4-5629-4A17-8A09-56C00F6B003F}.Release|Any CPU.ActiveCfg = Release|Any CPU
		{983C6DF4-5629-4A17-8A09-56C00F6B003F}.Release|Any CPU.Build.0 = Release|Any CPU
		{6E21359D-CB38-48BF-A94F-2DC41356A764}.Debug|Any CPU.ActiveCfg = Debug|Any CPU
		{6E21359D-CB38-48BF-A94F-2DC41356A764}.Debug|Any CPU.Build.0 = Debug|Any CPU
		{6E21359D-CB38-48BF-A94F-2DC41356A764}.Release|Any CPU.ActiveCfg = Release|Any CPU
		{6E21359D-CB38-48BF-A94F-2DC41356A764}.Release|Any CPU.Build.0 = Release|Any CPU
		{5A43ABE7-733B-47FC-BFF8-3ED894E93DF7}.Debug|Any CPU.ActiveCfg = Debug|Any CPU
		{5A43ABE7-733B-47FC-BFF8-3ED894E93DF7}.Debug|Any CPU.Build.0 = Debug|Any CPU
		{5A43ABE7-733B-47FC-BFF8-3ED894E93DF7}.Release|Any CPU.ActiveCfg = Release|Any CPU
		{5A43ABE7-733B-47FC-BFF8-3ED894E93DF7}.Release|Any CPU.Build.0 = Release|Any CPU
		{2DF67D4E-4662-402E-BE4D-78EBB9BC59A9}.Debug|Any CPU.ActiveCfg = Debug|Any CPU
		{2DF67D4E-4662-402E-BE4D-78EBB9BC59A9}.Debug|Any CPU.Build.0 = Debug|Any CPU
		{2DF67D4E-4662-402E-BE4D-78EBB9BC59A9}.Release|Any CPU.ActiveCfg = Release|Any CPU
		{2DF67D4E-4662-402E-BE4D-78EBB9BC59A9}.Release|Any CPU.Build.0 = Release|Any CPU
		{509DEB0E-995E-4295-B6BB-8C48EFB1987E}.Debug|Any CPU.ActiveCfg = Debug|Any CPU
		{509DEB0E-995E-4295-B6BB-8C48EFB1987E}.Debug|Any CPU.Build.0 = Debug|Any CPU
		{509DEB0E-995E-4295-B6BB-8C48EFB1987E}.Release|Any CPU.ActiveCfg = Release|Any CPU
		{509DEB0E-995E-4295-B6BB-8C48EFB1987E}.Release|Any CPU.Build.0 = Release|Any CPU
		{0D262484-9A3F-4E29-ACCD-8238CEB59FEC}.Debug|Any CPU.ActiveCfg = Debug|Any CPU
		{0D262484-9A3F-4E29-ACCD-8238CEB59FEC}.Debug|Any CPU.Build.0 = Debug|Any CPU
		{0D262484-9A3F-4E29-ACCD-8238CEB59FEC}.Release|Any CPU.ActiveCfg = Release|Any CPU
		{0D262484-9A3F-4E29-ACCD-8238CEB59FEC}.Release|Any CPU.Build.0 = Release|Any CPU
		{440FA8F9-5D09-428F-985D-F2CC8463BFE2}.Debug|Any CPU.ActiveCfg = Debug|Any CPU
		{440FA8F9-5D09-428F-985D-F2CC8463BFE2}.Debug|Any CPU.Build.0 = Debug|Any CPU
		{440FA8F9-5D09-428F-985D-F2CC8463BFE2}.Release|Any CPU.ActiveCfg = Release|Any CPU
		{440FA8F9-5D09-428F-985D-F2CC8463BFE2}.Release|Any CPU.Build.0 = Release|Any CPU
		{DCC79AEA-509F-41BA-9467-F21A6DE05B21}.Debug|Any CPU.ActiveCfg = Debug|Any CPU
		{DCC79AEA-509F-41BA-9467-F21A6DE05B21}.Debug|Any CPU.Build.0 = Debug|Any CPU
		{DCC79AEA-509F-41BA-9467-F21A6DE05B21}.Release|Any CPU.ActiveCfg = Release|Any CPU
		{DCC79AEA-509F-41BA-9467-F21A6DE05B21}.Release|Any CPU.Build.0 = Release|Any CPU
		{137C9EA1-12E7-48BB-AA55-04D8BC5E712E}.Debug|Any CPU.ActiveCfg = Debug|Any CPU
		{137C9EA1-12E7-48BB-AA55-04D8BC5E712E}.Debug|Any CPU.Build.0 = Debug|Any CPU
		{137C9EA1-12E7-48BB-AA55-04D8BC5E712E}.Release|Any CPU.ActiveCfg = Release|Any CPU
		{137C9EA1-12E7-48BB-AA55-04D8BC5E712E}.Release|Any CPU.Build.0 = Release|Any CPU
		{94F1492C-A7EA-41BB-868C-BAA34A63BB72}.Debug|Any CPU.ActiveCfg = Debug|Any CPU
		{94F1492C-A7EA-41BB-868C-BAA34A63BB72}.Debug|Any CPU.Build.0 = Debug|Any CPU
		{94F1492C-A7EA-41BB-868C-BAA34A63BB72}.Release|Any CPU.ActiveCfg = Release|Any CPU
		{94F1492C-A7EA-41BB-868C-BAA34A63BB72}.Release|Any CPU.Build.0 = Release|Any CPU
		{2EC9FEE8-A0C2-4A3B-80C5-5F806FC70B2C}.Debug|Any CPU.ActiveCfg = Debug|Any CPU
		{2EC9FEE8-A0C2-4A3B-80C5-5F806FC70B2C}.Debug|Any CPU.Build.0 = Debug|Any CPU
		{2EC9FEE8-A0C2-4A3B-80C5-5F806FC70B2C}.Release|Any CPU.ActiveCfg = Release|Any CPU
		{2EC9FEE8-A0C2-4A3B-80C5-5F806FC70B2C}.Release|Any CPU.Build.0 = Release|Any CPU
		{D42E45ED-7C8C-4B23-8E5C-ECD5C43E0D4B}.Debug|Any CPU.ActiveCfg = Debug|Any CPU
		{D42E45ED-7C8C-4B23-8E5C-ECD5C43E0D4B}.Debug|Any CPU.Build.0 = Debug|Any CPU
		{D42E45ED-7C8C-4B23-8E5C-ECD5C43E0D4B}.Release|Any CPU.ActiveCfg = Release|Any CPU
		{D42E45ED-7C8C-4B23-8E5C-ECD5C43E0D4B}.Release|Any CPU.Build.0 = Release|Any CPU
		{A381C03C-4991-4666-AED5-26435DB3F97B}.Debug|Any CPU.ActiveCfg = Debug|Any CPU
		{A381C03C-4991-4666-AED5-26435DB3F97B}.Debug|Any CPU.Build.0 = Debug|Any CPU
		{A381C03C-4991-4666-AED5-26435DB3F97B}.Release|Any CPU.ActiveCfg = Release|Any CPU
		{A381C03C-4991-4666-AED5-26435DB3F97B}.Release|Any CPU.Build.0 = Release|Any CPU
		{CA087100-853C-45DE-B9D1-D1E7C056D0B3}.Debug|Any CPU.ActiveCfg = Debug|Any CPU
		{CA087100-853C-45DE-B9D1-D1E7C056D0B3}.Debug|Any CPU.Build.0 = Debug|Any CPU
		{CA087100-853C-45DE-B9D1-D1E7C056D0B3}.Release|Any CPU.ActiveCfg = Release|Any CPU
		{CA087100-853C-45DE-B9D1-D1E7C056D0B3}.Release|Any CPU.Build.0 = Release|Any CPU
		{116A041F-322A-4B76-AE9E-E1110606F266}.Debug|Any CPU.ActiveCfg = Debug|Any CPU
		{116A041F-322A-4B76-AE9E-E1110606F266}.Debug|Any CPU.Build.0 = Debug|Any CPU
		{116A041F-322A-4B76-AE9E-E1110606F266}.Release|Any CPU.ActiveCfg = Release|Any CPU
		{116A041F-322A-4B76-AE9E-E1110606F266}.Release|Any CPU.Build.0 = Release|Any CPU
		{0743427C-946F-48A0-8A0D-57DBC91FEE6F}.Debug|Any CPU.ActiveCfg = Debug|Any CPU
		{0743427C-946F-48A0-8A0D-57DBC91FEE6F}.Debug|Any CPU.Build.0 = Debug|Any CPU
		{0743427C-946F-48A0-8A0D-57DBC91FEE6F}.Release|Any CPU.ActiveCfg = Release|Any CPU
		{0743427C-946F-48A0-8A0D-57DBC91FEE6F}.Release|Any CPU.Build.0 = Release|Any CPU
		{224DC9D9-CDE1-4179-A084-43966F618FFA}.Debug|Any CPU.ActiveCfg = Debug|Any CPU
		{224DC9D9-CDE1-4179-A084-43966F618FFA}.Debug|Any CPU.Build.0 = Debug|Any CPU
		{224DC9D9-CDE1-4179-A084-43966F618FFA}.Release|Any CPU.ActiveCfg = Release|Any CPU
		{224DC9D9-CDE1-4179-A084-43966F618FFA}.Release|Any CPU.Build.0 = Release|Any CPU
		{B8625EF4-9611-4EE2-95AC-92387FD02EB9}.Debug|Any CPU.ActiveCfg = Debug|Any CPU
		{B8625EF4-9611-4EE2-95AC-92387FD02EB9}.Debug|Any CPU.Build.0 = Debug|Any CPU
		{B8625EF4-9611-4EE2-95AC-92387FD02EB9}.Release|Any CPU.ActiveCfg = Release|Any CPU
		{B8625EF4-9611-4EE2-95AC-92387FD02EB9}.Release|Any CPU.Build.0 = Release|Any CPU
		{A13844CB-3646-4F24-8547-80357D6E7925}.Debug|Any CPU.ActiveCfg = Debug|Any CPU
		{A13844CB-3646-4F24-8547-80357D6E7925}.Debug|Any CPU.Build.0 = Debug|Any CPU
		{A13844CB-3646-4F24-8547-80357D6E7925}.Release|Any CPU.ActiveCfg = Release|Any CPU
		{A13844CB-3646-4F24-8547-80357D6E7925}.Release|Any CPU.Build.0 = Release|Any CPU
		{62342E0D-9763-498D-863E-7AF002735FF0}.Debug|Any CPU.ActiveCfg = Debug|Any CPU
		{62342E0D-9763-498D-863E-7AF002735FF0}.Debug|Any CPU.Build.0 = Debug|Any CPU
		{62342E0D-9763-498D-863E-7AF002735FF0}.Release|Any CPU.ActiveCfg = Release|Any CPU
		{62342E0D-9763-498D-863E-7AF002735FF0}.Release|Any CPU.Build.0 = Release|Any CPU
		{1277C177-14CF-4497-91B4-BD0F59A0A901}.Debug|Any CPU.ActiveCfg = Debug|Any CPU
		{1277C177-14CF-4497-91B4-BD0F59A0A901}.Debug|Any CPU.Build.0 = Debug|Any CPU
		{1277C177-14CF-4497-91B4-BD0F59A0A901}.Release|Any CPU.ActiveCfg = Release|Any CPU
		{1277C177-14CF-4497-91B4-BD0F59A0A901}.Release|Any CPU.Build.0 = Release|Any CPU
		{0FEF48D3-C5D4-4CB1-ADEA-DDFED1575B7E}.Debug|Any CPU.ActiveCfg = Debug|Any CPU
		{0FEF48D3-C5D4-4CB1-ADEA-DDFED1575B7E}.Debug|Any CPU.Build.0 = Debug|Any CPU
		{0FEF48D3-C5D4-4CB1-ADEA-DDFED1575B7E}.Release|Any CPU.ActiveCfg = Release|Any CPU
		{0FEF48D3-C5D4-4CB1-ADEA-DDFED1575B7E}.Release|Any CPU.Build.0 = Release|Any CPU
		{B39AAEE4-678A-486F-AA83-957AB410419E}.Debug|Any CPU.ActiveCfg = Debug|Any CPU
		{B39AAEE4-678A-486F-AA83-957AB410419E}.Debug|Any CPU.Build.0 = Debug|Any CPU
		{B39AAEE4-678A-486F-AA83-957AB410419E}.Release|Any CPU.ActiveCfg = Release|Any CPU
		{B39AAEE4-678A-486F-AA83-957AB410419E}.Release|Any CPU.Build.0 = Release|Any CPU
	EndGlobalSection
EndGlobal
